Microsoft Visual Studio Solution File, Format Version 12.00
# Visual Studio Version 17
VisualStudioVersion = 17.5.2.0
MinimumVisualStudioVersion = 10.0.40219.1
Project("{FAE04EC0-301F-11D3-BF4B-00C04F79EFBC}") = "ArqCapas", "ArqCapas.csproj", "{96E2692F-5C80-EF18-AF86-C1BE38E9C766}"
EndProject
Global
	GlobalSection(SolutionConfigurationPlatforms) = preSolution
		Debug|Any CPU = Debug|Any CPU
		Release|Any CPU = Release|Any CPU
	EndGlobalSection
	GlobalSection(ProjectConfigurationPlatforms) = postSolution
		{96E2692F-5C80-EF18-AF86-C1BE38E9C766}.Debug|Any CPU.ActiveCfg = Debug|Any CPU
		{96E2692F-5C80-EF18-AF86-C1BE38E9C766}.Debug|Any CPU.Build.0 = Debug|Any CPU
		{96E2692F-5C80-EF18-AF86-C1BE38E9C766}.Release|Any CPU.ActiveCfg = Release|Any CPU
		{96E2692F-5C80-EF18-AF86-C1BE38E9C766}.Release|Any CPU.Build.0 = Release|Any CPU
	EndGlobalSection
	GlobalSection(SolutionProperties) = preSolution
		HideSolutionNode = FALSE
	EndGlobalSection
	GlobalSection(ExtensibilityGlobals) = postSolution
		SolutionGuid = {B685B30D-EAB8-4EE2-B27C-711A96CFE597}
	EndGlobalSection
EndGlobal
